// !$*UTF8*$!
{
	archiveVersion = 1;
	classes = {
	};
	objectVersion = 50;
	objects = {

/* Begin PBXGroup section */
		1F22F4A0223A5DF5006A4B93 = {
			isa = PBXGroup;
			children = (
			);
			sourceTree = "<group>";
		};
/* End PBXGroup section */

/* Begin PBXProject section */
		1F22F4A1223A5DF5006A4B93 /* Project object */ = {
			isa = PBXProject;
			attributes = {
				LastUpgradeCheck = 1010;
			};
			buildConfigurationList = 1F22F4A4223A5DF5006A4B93 /* Build configuration list for PBXProject "innafor" */;
			compatibilityVersion = "Xcode 9.3";
			developmentRegion = en;
			hasScannedForEncodings = 0;
			knownRegions = (
				en,
			);
			mainGroup = 1F22F4A0223A5DF5006A4B93;
			projectDirPath = "";
			projectRoot = "";
			targets = (
			);
		};
/* End PBXProject section */

/* Begin XCBuildConfiguration section */
		1F22F4A5223A5DF5006A4B93 /* Debug */ = {
			isa = XCBuildConfiguration;
			buildSettings = {
			};
			name = Debug;
		};
		1F22F4A6223A5DF5006A4B93 /* Release */ = {
			isa = XCBuildConfiguration;
			buildSettings = {
			};
			name = Release;
		};
/* End XCBuildConfiguration section */

/* Begin XCConfigurationList section */
		1F22F4A4223A5DF5006A4B93 /* Build configuration list for PBXProject "innafor" */ = {
			isa = XCConfigurationList;
			buildConfigurations = (
				1F22F4A5223A5DF5006A4B93 /* Debug */,
				1F22F4A6223A5DF5006A4B93 /* Release */,
			);
			defaultConfigurationIsVisible = 0;
			defaultConfigurationName = Release;
		};
/* End XCConfigurationList section */
	};
	rootObject = 1F22F4A1223A5DF5006A4B93 /* Project object */;
}
